
Microsoft Visual Studio Solution File, Format Version 12.00
# Visual Studio Version 16
VisualStudioVersion = 16.0.29926.136
MinimumVisualStudioVersion = 10.0.40219.1
Project("{FAE04EC0-301F-11D3-BF4B-00C04F79EFBC}") = "StackOverflow", "StackOverflow.csproj", "{FE5D6036-81A8-4B50-9B06-8F2963A4971D}"
EndProject
Global
	GlobalSection(SolutionConfigurationPlatforms) = preSolution
		Debug|Any CPU = Debug|Any CPU
		Release|Any CPU = Release|Any CPU
	EndGlobalSection
	GlobalSection(ProjectConfigurationPlatforms) = postSolution
		{FE5D6036-81A8-4B50-9B06-8F2963A4971D}.Debug|Any CPU.ActiveCfg = Debug|Any CPU
		{FE5D6036-81A8-4B50-9B06-8F2963A4971D}.Debug|Any CPU.Build.0 = Debug|Any CPU
		{FE5D6036-81A8-4B50-9B06-8F2963A4971D}.Release|Any CPU.ActiveCfg = Release|Any CPU
		{FE5D6036-81A8-4B50-9B06-8F2963A4971D}.Release|Any CPU.Build.0 = Release|Any CPU
	EndGlobalSection
	GlobalSection(SolutionProperties) = preSolution
		HideSolutionNode = FALSE
	EndGlobalSection
	GlobalSection(ExtensibilityGlobals) = postSolution
		SolutionGuid = {0711853B-BAC5-4EE2-A65D-13A5BE5C1341}
	EndGlobalSection
EndGlobal
